
Microsoft Visual Studio Solution File, Format Version 12.00
# Visual Studio Version 17
VisualStudioVersion = 17.4.33122.133
MinimumVisualStudioVersion = 10.0.40219.1
Project("{FAE04EC0-301F-11D3-BF4B-00C04F79EFBC}") = "Praktika24.04", "Praktika24.04.csproj", "{BF4AE276-5FBC-4982-BA7B-4F3E7FA49620}"
EndProject
Global
	GlobalSection(SolutionConfigurationPlatforms) = preSolution
		Debug|Any CPU = Debug|Any CPU
		Release|Any CPU = Release|Any CPU
	EndGlobalSection
	GlobalSection(ProjectConfigurationPlatforms) = postSolution
		{BF4AE276-5FBC-4982-BA7B-4F3E7FA49620}.Debug|Any CPU.ActiveCfg = Debug|Any CPU
		{BF4AE276-5FBC-4982-BA7B-4F3E7FA49620}.Debug|Any CPU.Build.0 = Debug|Any CPU
		{BF4AE276-5FBC-4982-BA7B-4F3E7FA49620}.Release|Any CPU.ActiveCfg = Release|Any CPU
		{BF4AE276-5FBC-4982-BA7B-4F3E7FA49620}.Release|Any CPU.Build.0 = Release|Any CPU
	EndGlobalSection
	GlobalSection(SolutionProperties) = preSolution
		HideSolutionNode = FALSE
	EndGlobalSection
	GlobalSection(ExtensibilityGlobals) = postSolution
		SolutionGuid = {13498698-D1FF-4F47-AEF5-02829D7ADD53}
	EndGlobalSection
EndGlobal
